
Microsoft Visual Studio Solution File, Format Version 12.00
# Visual Studio Version 17
VisualStudioVersion = 17.1.32210.238
MinimumVisualStudioVersion = 10.0.40219.1
Project("{9A19103F-16F7-4668-BE54-9A1E7A4F7556}") = "ConsoleApp", "sample\ConsoleApp.csproj", "{1495B091-DCA9-4D99-94A9-1C3F3129F220}"
EndProject
Project("{9A19103F-16F7-4668-BE54-9A1E7A4F7556}") = "Hik.Api", "src\Hik.Api\Hik.Api.csproj", "{9A71F9E8-083A-4134-A054-80E950FFA6A9}"
EndProject
Global
	GlobalSection(SolutionConfigurationPlatforms) = preSolution
		Debug|Any CPU = Debug|Any CPU
		Debug|x64 = Debug|x64
		Release|Any CPU = Release|Any CPU
		Release|x64 = Release|x64
	EndGlobalSection
	GlobalSection(ProjectConfigurationPlatforms) = postSolution
		{1495B091-DCA9-4D99-94A9-1C3F3129F220}.Debug|Any CPU.ActiveCfg = Debug|Any CPU
		{1495B091-DCA9-4D99-94A9-1C3F3129F220}.Debug|Any CPU.Build.0 = Debug|Any CPU
		{1495B091-DCA9-4D99-94A9-1C3F3129F220}.Debug|x64.ActiveCfg = Debug|x64
		{1495B091-DCA9-4D99-94A9-1C3F3129F220}.Debug|x64.Build.0 = Debug|x64
		{1495B091-DCA9-4D99-94A9-1C3F3129F220}.Release|Any CPU.ActiveCfg = Release|Any CPU
		{1495B091-DCA9-4D99-94A9-1C3F3129F220}.Release|Any CPU.Build.0 = Release|Any CPU
		{1495B091-DCA9-4D99-94A9-1C3F3129F220}.Release|x64.ActiveCfg = Release|x64
		{1495B091-DCA9-4D99-94A9-1C3F3129F220}.Release|x64.Build.0 = Release|x64
		{9A71F9E8-083A-4134-A054-80E950FFA6A9}.Debug|Any CPU.ActiveCfg = Debug|Any CPU
		{9A71F9E8-083A-4134-A054-80E950FFA6A9}.Debug|Any CPU.Build.0 = Debug|Any CPU
		{9A71F9E8-083A-4134-A054-80E950FFA6A9}.Debug|x64.ActiveCfg = Debug|x64
		{9A71F9E8-083A-4134-A054-80E950FFA6A9}.Debug|x64.Build.0 = Debug|x64
		{9A71F9E8-083A-4134-A054-80E950FFA6A9}.Release|Any CPU.ActiveCfg = Release|Any CPU
		{9A71F9E8-083A-4134-A054-80E950FFA6A9}.Release|Any CPU.Build.0 = Release|Any CPU
		{9A71F9E8-083A-4134-A054-80E950FFA6A9}.Release|x64.ActiveCfg = Release|x64
		{9A71F9E8-083A-4134-A054-80E950FFA6A9}.Release|x64.Build.0 = Release|x64
	EndGlobalSection
	GlobalSection(SolutionProperties) = preSolution
		HideSolutionNode = FALSE
	EndGlobalSection
	GlobalSection(ExtensibilityGlobals) = postSolution
		SolutionGuid = {B4E8AF87-12DC-48B0-824E-003671F5A565}
	EndGlobalSection
EndGlobal
