
Microsoft Visual Studio Solution File, Format Version 12.00
# Visual Studio Version 17
VisualStudioVersion = 17.0.31912.275
MinimumVisualStudioVersion = 10.0.40219.1
Project("{9A19103F-16F7-4668-BE54-9A1E7A4F7556}") = "Hik.Api", "src\Hik.Api\Hik.Api.csproj", "{A20ACAAD-3970-4224-B984-6FBD6321FB85}"
EndProject
Global
	GlobalSection(SolutionConfigurationPlatforms) = preSolution
		Debug|x64 = Debug|x64
		Release|x64 = Release|x64
	EndGlobalSection
	GlobalSection(ProjectConfigurationPlatforms) = postSolution
		{A20ACAAD-3970-4224-B984-6FBD6321FB85}.Debug|x64.ActiveCfg = Debug|Any CPU
		{A20ACAAD-3970-4224-B984-6FBD6321FB85}.Debug|x64.Build.0 = Debug|Any CPU
		{A20ACAAD-3970-4224-B984-6FBD6321FB85}.Release|x64.ActiveCfg = Release|Any CPU
		{A20ACAAD-3970-4224-B984-6FBD6321FB85}.Release|x64.Build.0 = Release|Any CPU
	EndGlobalSection
	GlobalSection(SolutionProperties) = preSolution
		HideSolutionNode = FALSE
	EndGlobalSection
	GlobalSection(ExtensibilityGlobals) = postSolution
		SolutionGuid = {BC11C5EE-74C4-497D-9A6F-46A53EC063DF}
	EndGlobalSection
EndGlobal
